Microsoft Visual Studio Solution File, Format Version 12.00
# Visual Studio 14
Project("{8BC9CEB8-8B4A-11D0-8D11-00A0C91BC942}") = "ALL_BUILD", "ALL_BUILD.vcxproj", "{BB16FAFB-D75B-3F12-80BA-35E63AF43AA1}"
	ProjectSection(ProjectDependencies) = postProject
		{6F65C572-1C92-3544-B727-5E71B7553226} = {6F65C572-1C92-3544-B727-5E71B7553226}
	EndProjectSection
EndProject
Project("{8BC9CEB8-8B4A-11D0-8D11-00A0C91BC942}") = "ZERO_CHECK", "ZERO_CHECK.vcxproj", "{6F65C572-1C92-3544-B727-5E71B7553226}"
	ProjectSection(ProjectDependencies) = postProject
	EndProjectSection
EndProject
Global
	GlobalSection(SolutionConfigurationPlatforms) = preSolution
		Debug|Win32 = Debug|Win32
		Release|Win32 = Release|Win32
		MinSizeRel|Win32 = MinSizeRel|Win32
		RelWithDebInfo|Win32 = RelWithDebInfo|Win32
	EndGlobalSection
	GlobalSection(ProjectConfigurationPlatforms) = postSolution
		{BB16FAFB-D75B-3F12-80BA-35E63AF43AA1}.Debug|Win32.ActiveCfg = Debug|Win32
		{BB16FAFB-D75B-3F12-80BA-35E63AF43AA1}.Release|Win32.ActiveCfg = Release|Win32
		{BB16FAFB-D75B-3F12-80BA-35E63AF43AA1}.MinSizeRel|Win32.ActiveCfg = MinSizeRel|Win32
		{BB16FAFB-D75B-3F12-80BA-35E63AF43AA1}.RelWithDebInfo|Win32.ActiveCfg = RelWithDebInfo|Win32
		{6F65C572-1C92-3544-B727-5E71B7553226}.Debug|Win32.ActiveCfg = Debug|Win32
		{6F65C572-1C92-3544-B727-5E71B7553226}.Debug|Win32.Build.0 = Debug|Win32
		{6F65C572-1C92-3544-B727-5E71B7553226}.Release|Win32.ActiveCfg = Release|Win32
		{6F65C572-1C92-3544-B727-5E71B7553226}.Release|Win32.Build.0 = Release|Win32
		{6F65C572-1C92-3544-B727-5E71B7553226}.MinSizeRel|Win32.ActiveCfg = MinSizeRel|Win32
		{6F65C572-1C92-3544-B727-5E71B7553226}.MinSizeRel|Win32.Build.0 = MinSizeRel|Win32
		{6F65C572-1C92-3544-B727-5E71B7553226}.RelWithDebInfo|Win32.ActiveCfg = RelWithDebInfo|Win32
		{6F65C572-1C92-3544-B727-5E71B7553226}.RelWithDebInfo|Win32.Build.0 = RelWithDebInfo|Win32
	EndGlobalSection
	GlobalSection(ExtensibilityGlobals) = postSolution
	EndGlobalSection
	GlobalSection(ExtensibilityAddIns) = postSolution
	EndGlobalSection
EndGlobal
