Microsoft Visual Studio Solution File, Format Version 12.00
# Visual Studio 14
Project("{8BC9CEB8-8B4A-11D0-8D11-00A0C91BC942}") = "ALL_BUILD", "ALL_BUILD.vcxproj", "{2E42795B-2B5A-31A4-8DB7-A8B2FAB56E65}"
	ProjectSection(ProjectDependencies) = postProject
		{0E7645A8-754C-3C06-AAD6-2FE971FB5383} = {0E7645A8-754C-3C06-AAD6-2FE971FB5383}
		{A02848BB-77FE-31E4-B318-587EEE4D55DB} = {A02848BB-77FE-31E4-B318-587EEE4D55DB}
	EndProjectSection
EndProject
Project("{8BC9CEB8-8B4A-11D0-8D11-00A0C91BC942}") = "Harley", "Harley.vcxproj", "{0E7645A8-754C-3C06-AAD6-2FE971FB5383}"
	ProjectSection(ProjectDependencies) = postProject
		{A02848BB-77FE-31E4-B318-587EEE4D55DB} = {A02848BB-77FE-31E4-B318-587EEE4D55DB}
	EndProjectSection
EndProject
Project("{8BC9CEB8-8B4A-11D0-8D11-00A0C91BC942}") = "ZERO_CHECK", "ZERO_CHECK.vcxproj", "{A02848BB-77FE-31E4-B318-587EEE4D55DB}"
	ProjectSection(ProjectDependencies) = postProject
	EndProjectSection
EndProject
Global
	GlobalSection(SolutionConfigurationPlatforms) = preSolution
		Debug|Win32 = Debug|Win32
		Release|Win32 = Release|Win32
		MinSizeRel|Win32 = MinSizeRel|Win32
		RelWithDebInfo|Win32 = RelWithDebInfo|Win32
	EndGlobalSection
	GlobalSection(ProjectConfigurationPlatforms) = postSolution
		{2E42795B-2B5A-31A4-8DB7-A8B2FAB56E65}.Debug|Win32.ActiveCfg = Debug|Win32
		{2E42795B-2B5A-31A4-8DB7-A8B2FAB56E65}.Release|Win32.ActiveCfg = Release|Win32
		{2E42795B-2B5A-31A4-8DB7-A8B2FAB56E65}.MinSizeRel|Win32.ActiveCfg = MinSizeRel|Win32
		{2E42795B-2B5A-31A4-8DB7-A8B2FAB56E65}.RelWithDebInfo|Win32.ActiveCfg = RelWithDebInfo|Win32
		{0E7645A8-754C-3C06-AAD6-2FE971FB5383}.Debug|Win32.ActiveCfg = Debug|Win32
		{0E7645A8-754C-3C06-AAD6-2FE971FB5383}.Debug|Win32.Build.0 = Debug|Win32
		{0E7645A8-754C-3C06-AAD6-2FE971FB5383}.Release|Win32.ActiveCfg = Release|Win32
		{0E7645A8-754C-3C06-AAD6-2FE971FB5383}.Release|Win32.Build.0 = Release|Win32
		{0E7645A8-754C-3C06-AAD6-2FE971FB5383}.MinSizeRel|Win32.ActiveCfg = MinSizeRel|Win32
		{0E7645A8-754C-3C06-AAD6-2FE971FB5383}.MinSizeRel|Win32.Build.0 = MinSizeRel|Win32
		{0E7645A8-754C-3C06-AAD6-2FE971FB5383}.RelWithDebInfo|Win32.ActiveCfg = RelWithDebInfo|Win32
		{0E7645A8-754C-3C06-AAD6-2FE971FB5383}.RelWithDebInfo|Win32.Build.0 = RelWithDebInfo|Win32
		{A02848BB-77FE-31E4-B318-587EEE4D55DB}.Debug|Win32.ActiveCfg = Debug|Win32
		{A02848BB-77FE-31E4-B318-587EEE4D55DB}.Debug|Win32.Build.0 = Debug|Win32
		{A02848BB-77FE-31E4-B318-587EEE4D55DB}.Release|Win32.ActiveCfg = Release|Win32
		{A02848BB-77FE-31E4-B318-587EEE4D55DB}.Release|Win32.Build.0 = Release|Win32
		{A02848BB-77FE-31E4-B318-587EEE4D55DB}.MinSizeRel|Win32.ActiveCfg = MinSizeRel|Win32
		{A02848BB-77FE-31E4-B318-587EEE4D55DB}.MinSizeRel|Win32.Build.0 = MinSizeRel|Win32
		{A02848BB-77FE-31E4-B318-587EEE4D55DB}.RelWithDebInfo|Win32.ActiveCfg = RelWithDebInfo|Win32
		{A02848BB-77FE-31E4-B318-587EEE4D55DB}.RelWithDebInfo|Win32.Build.0 = RelWithDebInfo|Win32
	EndGlobalSection
	GlobalSection(ExtensibilityGlobals) = postSolution
	EndGlobalSection
	GlobalSection(ExtensibilityAddIns) = postSolution
	EndGlobalSection
EndGlobal
