<?xml version="1.0" encoding="UTF-8"?>
<Project ToolsVersion="14.0" xmlns="http://schemas.microsoft.com/developer/msbuild/2003">
  <ItemGroup>
    <CustomBuild Include="C:\Users\dakot\ProjectHarley\ProjectHarley.git\Source\CMakeFiles\84f9903dd0da77d63a7e3b658d68780e\generate.stamp.rule">
      <Filter>CMake Rules</Filter>
    </CustomBuild>
  </ItemGroup>
  <ItemGroup>
    <Filter Include="CMake Rules">
      <UniqueIdentifier>{A91D1375-A9DE-35EE-B04A-AC78B4E7CD00}</UniqueIdentifier>
    </Filter>
  </ItemGroup>
</Project>
